
Microsoft Visual Studio Solution File, Format Version 12.00
# Visual Studio Version 16
VisualStudioVersion = 16.0.31205.134
MinimumVisualStudioVersion = 10.0.40219.1
Project("{FAE04EC0-301F-11D3-BF4B-00C04F79EFBC}") = "HotelManagement_BAL", "HotelManagement_BAL\HotelManagement_BAL.csproj", "{90659757-6527-4A3F-A5BC-45F6114C033C}"
	ProjectSection(ProjectDependencies) = postProject
		{6E0B3E5A-6EDB-4205-8352-F537703B70CD} = {6E0B3E5A-6EDB-4205-8352-F537703B70CD}
		{1407D8C5-3434-49E7-9A9B-78B533445165} = {1407D8C5-3434-49E7-9A9B-78B533445165}
	EndProjectSection
EndProject
Project("{FAE04EC0-301F-11D3-BF4B-00C04F79EFBC}") = "HotelManagement_DAL", "HotelManagement_DAL\HotelManagement_DAL.csproj", "{6E0B3E5A-6EDB-4205-8352-F537703B70CD}"
	ProjectSection(ProjectDependencies) = postProject
		{1407D8C5-3434-49E7-9A9B-78B533445165} = {1407D8C5-3434-49E7-9A9B-78B533445165}
	EndProjectSection
EndProject
Project("{FAE04EC0-301F-11D3-BF4B-00C04F79EFBC}") = "HotelManagement_Utilities", "HotelManagement_Utilities\HotelManagement_Utilities.csproj", "{1407D8C5-3434-49E7-9A9B-78B533445165}"
EndProject
Project("{E24C65DC-7377-472B-9ABA-BC803B73C61A}") = "HotelManagement", "HotelManagement\", "{FEE8E25B-E8B4-42B3-8FE6-53D579099247}"
	ProjectSection(WebsiteProperties) = preProject
		TargetFrameworkMoniker = ".NETFramework,Version%3Dv4.5.2"
		Debug.AspNetCompiler.VirtualPath = "/localhost_65206"
		Debug.AspNetCompiler.PhysicalPath = "HotelManagement\"
		Debug.AspNetCompiler.TargetPath = "PrecompiledWeb\localhost_65206\"
		Debug.AspNetCompiler.Updateable = "true"
		Debug.AspNetCompiler.ForceOverwrite = "true"
		Debug.AspNetCompiler.FixedNames = "false"
		Debug.AspNetCompiler.Debug = "True"
		Release.AspNetCompiler.VirtualPath = "/localhost_65206"
		Release.AspNetCompiler.PhysicalPath = "HotelManagement\"
		Release.AspNetCompiler.TargetPath = "PrecompiledWeb\localhost_65206\"
		Release.AspNetCompiler.Updateable = "true"
		Release.AspNetCompiler.ForceOverwrite = "true"
		Release.AspNetCompiler.FixedNames = "false"
		Release.AspNetCompiler.Debug = "False"
		VWDPort = "65206"
		SlnRelativePath = "HotelManagement\"
	EndProjectSection
	ProjectSection(ProjectDependencies) = postProject
		{90659757-6527-4A3F-A5BC-45F6114C033C} = {90659757-6527-4A3F-A5BC-45F6114C033C}
		{1407D8C5-3434-49E7-9A9B-78B533445165} = {1407D8C5-3434-49E7-9A9B-78B533445165}
	EndProjectSection
EndProject
Global
	GlobalSection(SolutionConfigurationPlatforms) = preSolution
		Debug|Any CPU = Debug|Any CPU
		Release|Any CPU = Release|Any CPU
	EndGlobalSection
	GlobalSection(ProjectConfigurationPlatforms) = postSolution
		{90659757-6527-4A3F-A5BC-45F6114C033C}.Debug|Any CPU.ActiveCfg = Debug|Any CPU
		{90659757-6527-4A3F-A5BC-45F6114C033C}.Debug|Any CPU.Build.0 = Debug|Any CPU
		{90659757-6527-4A3F-A5BC-45F6114C033C}.Release|Any CPU.ActiveCfg = Release|Any CPU
		{90659757-6527-4A3F-A5BC-45F6114C033C}.Release|Any CPU.Build.0 = Release|Any CPU
		{6E0B3E5A-6EDB-4205-8352-F537703B70CD}.Debug|Any CPU.ActiveCfg = Debug|Any CPU
		{6E0B3E5A-6EDB-4205-8352-F537703B70CD}.Debug|Any CPU.Build.0 = Debug|Any CPU
		{6E0B3E5A-6EDB-4205-8352-F537703B70CD}.Release|Any CPU.ActiveCfg = Release|Any CPU
		{6E0B3E5A-6EDB-4205-8352-F537703B70CD}.Release|Any CPU.Build.0 = Release|Any CPU
		{1407D8C5-3434-49E7-9A9B-78B533445165}.Debug|Any CPU.ActiveCfg = Debug|Any CPU
		{1407D8C5-3434-49E7-9A9B-78B533445165}.Debug|Any CPU.Build.0 = Debug|Any CPU
		{1407D8C5-3434-49E7-9A9B-78B533445165}.Release|Any CPU.ActiveCfg = Release|Any CPU
		{1407D8C5-3434-49E7-9A9B-78B533445165}.Release|Any CPU.Build.0 = Release|Any CPU
		{FEE8E25B-E8B4-42B3-8FE6-53D579099247}.Debug|Any CPU.ActiveCfg = Debug|Any CPU
		{FEE8E25B-E8B4-42B3-8FE6-53D579099247}.Debug|Any CPU.Build.0 = Debug|Any CPU
		{FEE8E25B-E8B4-42B3-8FE6-53D579099247}.Release|Any CPU.ActiveCfg = Debug|Any CPU
		{FEE8E25B-E8B4-42B3-8FE6-53D579099247}.Release|Any CPU.Build.0 = Debug|Any CPU
	EndGlobalSection
	GlobalSection(SolutionProperties) = preSolution
		HideSolutionNode = FALSE
	EndGlobalSection
	GlobalSection(ExtensibilityGlobals) = postSolution
		SolutionGuid = {BC41687F-76DF-4968-8F9E-BBDD636966B4}
	EndGlobalSection
EndGlobal
